
Microsoft Visual Studio Solution File, Format Version 12.00
# Visual Studio Version 17
VisualStudioVersion = 17.11.35219.272
MinimumVisualStudioVersion = 10.0.40219.1
Project("{FAE04EC0-301F-11D3-BF4B-00C04F79EFBC}") = "Labb 1", "Labb 1\Labb 1.csproj", "{F96E7C7D-6CBA-48E3-98CA-13F079DFC30F}"
EndProject
Global
	GlobalSection(SolutionConfigurationPlatforms) = preSolution
		Debug|Any CPU = Debug|Any CPU
		Release|Any CPU = Release|Any CPU
	EndGlobalSection
	GlobalSection(ProjectConfigurationPlatforms) = postSolution
		{F96E7C7D-6CBA-48E3-98CA-13F079DFC30F}.Debug|Any CPU.ActiveCfg = Debug|Any CPU
		{F96E7C7D-6CBA-48E3-98CA-13F079DFC30F}.Debug|Any CPU.Build.0 = Debug|Any CPU
		{F96E7C7D-6CBA-48E3-98CA-13F079DFC30F}.Release|Any CPU.ActiveCfg = Release|Any CPU
		{F96E7C7D-6CBA-48E3-98CA-13F079DFC30F}.Release|Any CPU.Build.0 = Release|Any CPU
	EndGlobalSection
	GlobalSection(SolutionProperties) = preSolution
		HideSolutionNode = FALSE
	EndGlobalSection
	GlobalSection(ExtensibilityGlobals) = postSolution
		SolutionGuid = {69E4C23E-0BDF-4626-8634-861B5FDADEAD}
	EndGlobalSection
EndGlobal
